
Microsoft Visual Studio Solution File, Format Version 12.00
# Visual Studio Version 17
VisualStudioVersion = 17.11.35222.181
MinimumVisualStudioVersion = 10.0.40219.1
Project("{9A19103F-16F7-4668-BE54-9A1E7A4F7556}") = "HUImb", "HUImb.csproj", "{3D1C0988-20F2-4296-B066-4AE74C46CA43}"
EndProject
Global
	GlobalSection(SolutionConfigurationPlatforms) = preSolution
		Debug|Any CPU = Debug|Any CPU
		Release|Any CPU = Release|Any CPU
	EndGlobalSection
	GlobalSection(ProjectConfigurationPlatforms) = postSolution
		{3D1C0988-20F2-4296-B066-4AE74C46CA43}.Debug|Any CPU.ActiveCfg = Debug|Any CPU
		{3D1C0988-20F2-4296-B066-4AE74C46CA43}.Debug|Any CPU.Build.0 = Debug|Any CPU
		{3D1C0988-20F2-4296-B066-4AE74C46CA43}.Release|Any CPU.ActiveCfg = Release|Any CPU
		{3D1C0988-20F2-4296-B066-4AE74C46CA43}.Release|Any CPU.Build.0 = Release|Any CPU
	EndGlobalSection
	GlobalSection(SolutionProperties) = preSolution
		HideSolutionNode = FALSE
	EndGlobalSection
	GlobalSection(ExtensibilityGlobals) = postSolution
		SolutionGuid = {1431CB24-2802-47F8-BC9F-FF34A7360CC9}
	EndGlobalSection
EndGlobal
